{
  "requires": true,
  "lockfileVersion": 1,
  "dependencies": {
    "bootstrap": {
      "version": "3.3.7",
      "resolved": "https://registry.npmjs.org/bootstrap/-/bootstrap-3.3.7.tgz",
      "integrity": "sha1-WjiTlFSfIzMIdaOxUGVldPip63E="
    },
    "dot": {
      "version": "1.1.2",
      "resolved": "https://registry.npmjs.org/dot/-/dot-1.1.2.tgz",
      "integrity": "sha1-xzdwGfxOVQeYkosrmv62ar+h8vk="
    },
    "fusioncharts": {
      "version": "3.12.2",
      "resolved": "https://registry.npmjs.org/fusioncharts/-/fusioncharts-3.12.2.tgz",
      "integrity": "sha512-uCOkD1KN7NbZRS0xsA3BYhxYeOeKab2oWlAN9i60g2Hu+Hap7kphGlS9o6y6YJLHu7494/f4+/Hu5D0VSVmytg=="
    },
    "jquery": {
      "version": "3.3.1",
      "resolved": "https://registry.npmjs.org/jquery/-/jquery-3.3.1.tgz",
      "integrity": "sha512-Ubldcmxp5np52/ENotGxlLe6aGMvmF4R8S6tZjsP6Knsaxd/xp3Zrh50cG93lR6nPXyUFwzN3ZSOQI0wRJNdGg=="
    },
    "jquery-extendext": {
      "version": "0.1.2",
      "resolved": "https://registry.npmjs.org/jquery-extendext/-/jquery-extendext-0.1.2.tgz",
      "integrity": "sha1-1FtUi1EtF0oqcz16wkSLkEVscVY=",
      "requires": {
        "jquery": "3.3.1"
      }
    },
    "moment": {
      "version": "2.22.1",
      "resolved": "https://registry.npmjs.org/moment/-/moment-2.22.1.tgz",
      "integrity": "sha512-shJkRTSebXvsVqk56I+lkb2latjBs8I+pc2TzWc545y2iFnSjm7Wg0QMh+ZWcdSLQyGEau5jI8ocnmkyTgr9YQ=="
    },
    "multiselect-two-sides": {
      "version": "2.5.1",
      "resolved": "https://registry.npmjs.org/multiselect-two-sides/-/multiselect-two-sides-2.5.1.tgz",
      "integrity": "sha512-Htgf0ha1piVKLlgbm7VQf46ewV5YiwEahS0XGQQwsucDU8r+8Qve2qeePsh2xd1Wj6Qv4wQ8iI8uPvbKxXDWPg==",
      "requires": {
        "jquery": "3.3.1"
      }
    }
  }
}
